// !$*UTF8*$!
{
	archiveVersion = 1;
	classes = {
	};
	objectVersion = 56;
	objects = {

/* Begin PBXBuildFile section */
		52289B7F29C9C0CC0066EB50 /* AppDelegate.swift in Sources */ = {isa = PBXBuildFile; fileRef = 52289B7E29C9C0CC0066EB50 /* AppDelegate.swift */; };
		52289B8129C9C0CC0066EB50 /* SceneDelegate.swift in Sources */ = {isa = PBXBuildFile; fileRef = 52289B8029C9C0CC0066EB50 /* SceneDelegate.swift */; };
		52289B8329C9C0CC0066EB50 /* InitialViewController.swift in Sources */ = {isa = PBXBuildFile; fileRef = 52289B8229C9C0CC0066EB50 /* InitialViewController.swift */; };
		52289B8629C9C0CC0066EB50 /* Main.storyboard in Resources */ = {isa = PBXBuildFile; fileRef = 52289B8429C9C0CC0066EB50 /* Main.storyboard */; };
		52289B8829C9C0CD0066EB50 /* Assets.xcassets in Resources */ = {isa = PBXBuildFile; fileRef = 52289B8729C9C0CD0066EB50 /* Assets.xcassets */; };
		52289B8B29C9C0CD0066EB50 /* LaunchScreen.storyboard in Resources */ = {isa = PBXBuildFile; fileRef = 52289B8929C9C0CD0066EB50 /* LaunchScreen.storyboard */; };
		52289B9629C9C0CD0066EB50 /* QuizzlerTests.swift in Sources */ = {isa = PBXBuildFile; fileRef = 52289B9529C9C0CD0066EB50 /* QuizzlerTests.swift */; };
		52289BA029C9C0CD0066EB50 /* QuizzlerUITests.swift in Sources */ = {isa = PBXBuildFile; fileRef = 52289B9F29C9C0CD0066EB50 /* QuizzlerUITests.swift */; };
		52289BA229C9C0CD0066EB50 /* QuizzlerUITestsLaunchTests.swift in Sources */ = {isa = PBXBuildFile; fileRef = 52289BA129C9C0CD0066EB50 /* QuizzlerUITestsLaunchTests.swift */; };
		52289BB229C9C7D40066EB50 /* K.swift in Sources */ = {isa = PBXBuildFile; fileRef = 52289BB129C9C7D40066EB50 /* K.swift */; };
		52289BB429C9C8DE0066EB50 /* QuizzViewController.swift in Sources */ = {isa = PBXBuildFile; fileRef = 52289BB329C9C8DE0066EB50 /* QuizzViewController.swift */; };
		52289BB629C9ED070066EB50 /* QuestionModel.swift in Sources */ = {isa = PBXBuildFile; fileRef = 52289BB529C9ED070066EB50 /* QuestionModel.swift */; };
		52289BB829C9ED790066EB50 /* Quizzler.swift in Sources */ = {isa = PBXBuildFile; fileRef = 52289BB729C9ED790066EB50 /* Quizzler.swift */; };
		52289BBA29CA196F0066EB50 /* FinalViewController.swift in Sources */ = {isa = PBXBuildFile; fileRef = 52289BB929CA196F0066EB50 /* FinalViewController.swift */; };
/* End PBXBuildFile section */

/* Begin PBXContainerItemProxy section */
		52289B9229C9C0CD0066EB50 /* PBXContainerItemProxy */ = {
			isa = PBXContainerItemProxy;
			containerPortal = 52289B7329C9C0CC0066EB50 /* Project object */;
			proxyType = 1;
			remoteGlobalIDString = 52289B7A29C9C0CC0066EB50;
			remoteInfo = Quizzler;
		};
		52289B9C29C9C0CD0066EB50 /* PBXContainerItemProxy */ = {
			isa = PBXContainerItemProxy;
			containerPortal = 52289B7329C9C0CC0066EB50 /* Project object */;
			proxyType = 1;
			remoteGlobalIDString = 52289B7A29C9C0CC0066EB50;
			remoteInfo = Quizzler;
		};
/* End PBXContainerItemProxy section */

/* Begin PBXFileReference section */
		52289B7B29C9C0CC0066EB50 /* Quizzler.app */ = {isa = PBXFileReference; explicitFileType = wrapper.application; includeInIndex = 0; path = Quizzler.app; sourceTree = BUILT_PRODUCTS_DIR; };
		52289B7E29C9C0CC0066EB50 /* AppDelegate.swift */ = {isa = PBXFileReference; lastKnownFileType = sourcecode.swift; path = AppDelegate.swift; sourceTree = "<group>"; };
		52289B8029C9C0CC0066EB50 /* SceneDelegate.swift */ = {isa = PBXFileReference; lastKnownFileType = sourcecode.swift; path = SceneDelegate.swift; sourceTree = "<group>"; };
		52289B8229C9C0CC0066EB50 /* InitialViewController.swift */ = {isa = PBXFileReference; lastKnownFileType = sourcecode.swift; path = InitialViewController.swift; sourceTree = "<group>"; };
		52289B8529C9C0CC0066EB50 /* Base */ = {isa = PBXFileReference; lastKnownFileType = file.storyboard; name = Base; path = Base.lproj/Main.storyboard; sourceTree = "<group>"; };
		52289B8729C9C0CD0066EB50 /* Assets.xcassets */ = {isa = PBXFileReference; lastKnownFileType = folder.assetcatalog; path = Assets.xcassets; sourceTree = "<group>"; };
		52289B8A29C9C0CD0066EB50 /* Base */ = {isa = PBXFileReference; lastKnownFileType = file.storyboard; name = Base; path = Base.lproj/LaunchScreen.storyboard; sourceTree = "<group>"; };
		52289B8C29C9C0CD0066EB50 /* Info.plist */ = {isa = PBXFileReference; lastKnownFileType = text.plist.xml; path = Info.plist; sourceTree = "<group>"; };
		52289B9129C9C0CD0066EB50 /* QuizzlerTests.xctest */ = {isa = PBXFileReference; explicitFileType = wrapper.cfbundle; includeInIndex = 0; path = QuizzlerTests.xctest; sourceTree = BUILT_PRODUCTS_DIR; };
		52289B9529C9C0CD0066EB50 /* QuizzlerTests.swift */ = {isa = PBXFileReference; lastKnownFileType = sourcecode.swift; path = QuizzlerTests.swift; sourceTree = "<group>"; };
		52289B9B29C9C0CD0066EB50 /* QuizzlerUITests.xctest */ = {isa = PBXFileReference; explicitFileType = wrapper.cfbundle; includeInIndex = 0; path = QuizzlerUITests.xctest; sourceTree = BUILT_PRODUCTS_DIR; };
		52289B9F29C9C0CD0066EB50 /* QuizzlerUITests.swift */ = {isa = PBXFileReference; lastKnownFileType = sourcecode.swift; path = QuizzlerUITests.swift; sourceTree = "<group>"; };
		52289BA129C9C0CD0066EB50 /* QuizzlerUITestsLaunchTests.swift */ = {isa = PBXFileReference; lastKnownFileType = sourcecode.swift; path = QuizzlerUITestsLaunchTests.swift; sourceTree = "<group>"; };
		52289BB129C9C7D40066EB50 /* K.swift */ = {isa = PBXFileReference; lastKnownFileType = sourcecode.swift; path = K.swift; sourceTree = "<group>"; };
		52289BB329C9C8DE0066EB50 /* QuizzViewController.swift */ = {isa = PBXFileReference; lastKnownFileType = sourcecode.swift; path = QuizzViewController.swift; sourceTree = "<group>"; };
		52289BB529C9ED070066EB50 /* QuestionModel.swift */ = {isa = PBXFileReference; lastKnownFileType = sourcecode.swift; path = QuestionModel.swift; sourceTree = "<group>"; };
		52289BB729C9ED790066EB50 /* Quizzler.swift */ = {isa = PBXFileReference; lastKnownFileType = sourcecode.swift; path = Quizzler.swift; sourceTree = "<group>"; };
		52289BB929CA196F0066EB50 /* FinalViewController.swift */ = {isa = PBXFileReference; lastKnownFileType = sourcecode.swift; path = FinalViewController.swift; sourceTree = "<group>"; };
/* End PBXFileReference section */

/* Begin PBXFrameworksBuildPhase section */
		52289B7829C9C0CC0066EB50 /* Frameworks */ = {
			isa = PBXFrameworksBuildPhase;
			buildActionMask = 2147483647;
			files = (
			);
			runOnlyForDeploymentPostprocessing = 0;
		};
		52289B8E29C9C0CD0066EB50 /* Frameworks */ = {
			isa = PBXFrameworksBuildPhase;
			buildActionMask = 2147483647;
			files = (
			);
			runOnlyForDeploymentPostprocessing = 0;
		};
		52289B9829C9C0CD0066EB50 /* Frameworks */ = {
			isa = PBXFrameworksBuildPhase;
			buildActionMask = 2147483647;
			files = (
			);
			runOnlyForDeploymentPostprocessing = 0;
		};
/* End PBXFrameworksBuildPhase section */

/* Begin PBXGroup section */
		52289B7229C9C0CC0066EB50 = {
			isa = PBXGroup;
			children = (
				52289B7D29C9C0CC0066EB50 /* Quizzler */,
				52289B9429C9C0CD0066EB50 /* QuizzlerTests */,
				52289B9E29C9C0CD0066EB50 /* QuizzlerUITests */,
				52289B7C29C9C0CC0066EB50 /* Products */,
			);
			sourceTree = "<group>";
		};
		52289B7C29C9C0CC0066EB50 /* Products */ = {
			isa = PBXGroup;
			children = (
				52289B7B29C9C0CC0066EB50 /* Quizzler.app */,
				52289B9129C9C0CD0066EB50 /* QuizzlerTests.xctest */,
				52289B9B29C9C0CD0066EB50 /* QuizzlerUITests.xctest */,
			);
			name = Products;
			sourceTree = "<group>";
		};
		52289B7D29C9C0CC0066EB50 /* Quizzler */ = {
			isa = PBXGroup;
			children = (
				52289BB129C9C7D40066EB50 /* K.swift */,
				52289B7E29C9C0CC0066EB50 /* AppDelegate.swift */,
				52289B8029C9C0CC0066EB50 /* SceneDelegate.swift */,
				52289BB029C9C13A0066EB50 /* Model */,
				52289BAF29C9C1280066EB50 /* Controller */,
				52289BAE29C9C1190066EB50 /* View */,
				52289B8729C9C0CD0066EB50 /* Assets.xcassets */,
				52289B8929C9C0CD0066EB50 /* LaunchScreen.storyboard */,
				52289B8C29C9C0CD0066EB50 /* Info.plist */,
			);
			path = Quizzler;
			sourceTree = "<group>";
		};
		52289B9429C9C0CD0066EB50 /* QuizzlerTests */ = {
			isa = PBXGroup;
			children = (
				52289B9529C9C0CD0066EB50 /* QuizzlerTests.swift */,
			);
			path = QuizzlerTests;
			sourceTree = "<group>";
		};
		52289B9E29C9C0CD0066EB50 /* QuizzlerUITests */ = {
			isa = PBXGroup;
			children = (
				52289B9F29C9C0CD0066EB50 /* QuizzlerUITests.swift */,
				52289BA129C9C0CD0066EB50 /* QuizzlerUITestsLaunchTests.swift */,
			);
			path = QuizzlerUITests;
			sourceTree = "<group>";
		};
		52289BAE29C9C1190066EB50 /* View */ = {
			isa = PBXGroup;
			children = (
				52289B8429C9C0CC0066EB50 /* Main.storyboard */,
			);
			path = View;
			sourceTree = "<group>";
		};
		52289BAF29C9C1280066EB50 /* Controller */ = {
			isa = PBXGroup;
			children = (
				52289B8229C9C0CC0066EB50 /* InitialViewController.swift */,
				52289BB329C9C8DE0066EB50 /* QuizzViewController.swift */,
				52289BB929CA196F0066EB50 /* FinalViewController.swift */,
			);
			path = Controller;
			sourceTree = "<group>";
		};
		52289BB029C9C13A0066EB50 /* Model */ = {
			isa = PBXGroup;
			children = (
				52289BB529C9ED070066EB50 /* QuestionModel.swift */,
				52289BB729C9ED790066EB50 /* Quizzler.swift */,
			);
			path = Model;
			sourceTree = "<group>";
		};
/* End PBXGroup section */

/* Begin PBXNativeTarget section */
		52289B7A29C9C0CC0066EB50 /* Quizzler */ = {
			isa = PBXNativeTarget;
			buildConfigurationList = 52289BA529C9C0CD0066EB50 /* Build configuration list for PBXNativeTarget "Quizzler" */;
			buildPhases = (
				52289B7729C9C0CC0066EB50 /* Sources */,
				52289B7829C9C0CC0066EB50 /* Frameworks */,
				52289B7929C9C0CC0066EB50 /* Resources */,
			);
			buildRules = (
			);
			dependencies = (
			);
			name = Quizzler;
			productName = Quizzler;
			productReference = 52289B7B29C9C0CC0066EB50 /* Quizzler.app */;
			productType = "com.apple.product-type.application";
		};
		52289B9029C9C0CD0066EB50 /* QuizzlerTests */ = {
			isa = PBXNativeTarget;
			buildConfigurationList = 52289BA829C9C0CD0066EB50 /* Build configuration list for PBXNativeTarget "QuizzlerTests" */;
			buildPhases = (
				52289B8D29C9C0CD0066EB50 /* Sources */,
				52289B8E29C9C0CD0066EB50 /* Frameworks */,
				52289B8F29C9C0CD0066EB50 /* Resources */,
			);
			buildRules = (
			);
			dependencies = (
				52289B9329C9C0CD0066EB50 /* PBXTargetDependency */,
			);
			name = QuizzlerTests;
			productName = QuizzlerTests;
			productReference = 52289B9129C9C0CD0066EB50 /* QuizzlerTests.xctest */;
			productType = "com.apple.product-type.bundle.unit-test";
		};
		52289B9A29C9C0CD0066EB50 /* QuizzlerUITests */ = {
			isa = PBXNativeTarget;
			buildConfigurationList = 52289BAB29C9C0CD0066EB50 /* Build configuration list for PBXNativeTarget "QuizzlerUITests" */;
			buildPhases = (
				52289B9729C9C0CD0066EB50 /* Sources */,
				52289B9829C9C0CD0066EB50 /* Frameworks */,
				52289B9929C9C0CD0066EB50 /* Resources */,
			);
			buildRules = (
			);
			dependencies = (
				52289B9D29C9C0CD0066EB50 /* PBXTargetDependency */,
			);
			name = QuizzlerUITests;
			productName = QuizzlerUITests;
			productReference = 52289B9B29C9C0CD0066EB50 /* QuizzlerUITests.xctest */;
			productType = "com.apple.product-type.bundle.ui-testing";
		};
/* End PBXNativeTarget section */

/* Begin PBXProject section */
		52289B7329C9C0CC0066EB50 /* Project object */ = {
			isa = PBXProject;
			attributes = {
				BuildIndependentTargetsInParallel = 1;
				LastSwiftUpdateCheck = 1420;
				LastUpgradeCheck = 1420;
				TargetAttributes = {
					52289B7A29C9C0CC0066EB50 = {
						CreatedOnToolsVersion = 14.2;
					};
					52289B9029C9C0CD0066EB50 = {
						CreatedOnToolsVersion = 14.2;
						TestTargetID = 52289B7A29C9C0CC0066EB50;
					};
					52289B9A29C9C0CD0066EB50 = {
						CreatedOnToolsVersion = 14.2;
						TestTargetID = 52289B7A29C9C0CC0066EB50;
					};
				};
			};
			buildConfigurationList = 52289B7629C9C0CC0066EB50 /* Build configuration list for PBXProject "Quizzler" */;
			compatibilityVersion = "Xcode 14.0";
			developmentRegion = en;
			hasScannedForEncodings = 0;
			knownRegions = (
				en,
				Base,
			);
			mainGroup = 52289B7229C9C0CC0066EB50;
			productRefGroup = 52289B7C29C9C0CC0066EB50 /* Products */;
			projectDirPath = "";
			projectRoot = "";
			targets = (
				52289B7A29C9C0CC0066EB50 /* Quizzler */,
				52289B9029C9C0CD0066EB50 /* QuizzlerTests */,
				52289B9A29C9C0CD0066EB50 /* QuizzlerUITests */,
			);
		};
/* End PBXProject section */

/* Begin PBXResourcesBuildPhase section */
		52289B7929C9C0CC0066EB50 /* Resources */ = {
			isa = PBXResourcesBuildPhase;
			buildActionMask = 2147483647;
			files = (
				52289B8B29C9C0CD0066EB50 /* LaunchScreen.storyboard in Resources */,
				52289B8829C9C0CD0066EB50 /* Assets.xcassets in Resources */,
				52289B8629C9C0CC0066EB50 /* Main.storyboard in Resources */,
			);
			runOnlyForDeploymentPostprocessing = 0;
		};
		52289B8F29C9C0CD0066EB50 /* Resources */ = {
			isa = PBXResourcesBuildPhase;
			buildActionMask = 2147483647;
			files = (
			);
			runOnlyForDeploymentPostprocessing = 0;
		};
		52289B9929C9C0CD0066EB50 /* Resources */ = {
			isa = PBXResourcesBuildPhase;
			buildActionMask = 2147483647;
			files = (
			);
			runOnlyForDeploymentPostprocessing = 0;
		};
/* End PBXResourcesBuildPhase section */

/* Begin PBXSourcesBuildPhase section */
		52289B7729C9C0CC0066EB50 /* Sources */ = {
			isa = PBXSourcesBuildPhase;
			buildActionMask = 2147483647;
			files = (
				52289B8329C9C0CC0066EB50 /* InitialViewController.swift in Sources */,
				52289BB629C9ED070066EB50 /* QuestionModel.swift in Sources */,
				52289BB829C9ED790066EB50 /* Quizzler.swift in Sources */,
				52289BB229C9C7D40066EB50 /* K.swift in Sources */,
				52289B7F29C9C0CC0066EB50 /* AppDelegate.swift in Sources */,
				52289BBA29CA196F0066EB50 /* FinalViewController.swift in Sources */,
				52289B8129C9C0CC0066EB50 /* SceneDelegate.swift in Sources */,
				52289BB429C9C8DE0066EB50 /* QuizzViewController.swift in Sources */,
			);
			runOnlyForDeploymentPostprocessing = 0;
		};
		52289B8D29C9C0CD0066EB50 /* Sources */ = {
			isa = PBXSourcesBuildPhase;
			buildActionMask = 2147483647;
			files = (
				52289B9629C9C0CD0066EB50 /* QuizzlerTests.swift in Sources */,
			);
			runOnlyForDeploymentPostprocessing = 0;
		};
		52289B9729C9C0CD0066EB50 /* Sources */ = {
			isa = PBXSourcesBuildPhase;
			buildActionMask = 2147483647;
			files = (
				52289BA229C9C0CD0066EB50 /* QuizzlerUITestsLaunchTests.swift in Sources */,
				52289BA029C9C0CD0066EB50 /* QuizzlerUITests.swift in Sources */,
			);
			runOnlyForDeploymentPostprocessing = 0;
		};
/* End PBXSourcesBuildPhase section */

/* Begin PBXTargetDependency section */
		52289B9329C9C0CD0066EB50 /* PBXTargetDependency */ = {
			isa = PBXTargetDependency;
			target = 52289B7A29C9C0CC0066EB50 /* Quizzler */;
			targetProxy = 52289B9229C9C0CD0066EB50 /* PBXContainerItemProxy */;
		};
		52289B9D29C9C0CD0066EB50 /* PBXTargetDependency */ = {
			isa = PBXTargetDependency;
			target = 52289B7A29C9C0CC0066EB50 /* Quizzler */;
			targetProxy = 52289B9C29C9C0CD0066EB50 /* PBXContainerItemProxy */;
		};
/* End PBXTargetDependency section */

/* Begin PBXVariantGroup section */
		52289B8429C9C0CC0066EB50 /* Main.storyboard */ = {
			isa = PBXVariantGroup;
			children = (
				52289B8529C9C0CC0066EB50 /* Base */,
			);
			name = Main.storyboard;
			sourceTree = "<group>";
		};
		52289B8929C9C0CD0066EB50 /* LaunchScreen.storyboard */ = {
			isa = PBXVariantGroup;
			children = (
				52289B8A29C9C0CD0066EB50 /* Base */,
			);
			name = LaunchScreen.storyboard;
			sourceTree = "<group>";
		};
/* End PBXVariantGroup section */

/* Begin XCBuildConfiguration section */
		52289BA329C9C0CD0066EB50 /* Debug */ = {
			isa = XCBuildConfiguration;
			buildSettings = {
				ALWAYS_SEARCH_USER_PATHS = NO;
				CLANG_ANALYZER_NONNULL = YES;
				CLANG_ANALYZER_NUMBER_OBJECT_CONVERSION = YES_AGGRESSIVE;
				CLANG_CXX_LANGUAGE_STANDARD = "gnu++20";
				CLANG_ENABLE_MODULES = YES;
				CLANG_ENABLE_OBJC_ARC = YES;
				CLANG_ENABLE_OBJC_WEAK = YES;
				CLANG_WARN_BLOCK_CAPTURE_AUTORELEASING = YES;
				CLANG_WARN_BOOL_CONVERSION = YES;
				CLANG_WARN_COMMA = YES;
				CLANG_WARN_CONSTANT_CONVERSION = YES;
				CLANG_WARN_DEPRECATED_OBJC_IMPLEMENTATIONS = YES;
				CLANG_WARN_DIRECT_OBJC_ISA_USAGE = YES_ERROR;
				CLANG_WARN_DOCUMENTATION_COMMENTS = YES;
				CLANG_WARN_EMPTY_BODY = YES;
				CLANG_WARN_ENUM_CONVERSION = YES;
				CLANG_WARN_INFINITE_RECURSION = YES;
				CLANG_WARN_INT_CONVERSION = YES;
				CLANG_WARN_NON_LITERAL_NULL_CONVERSION = YES;
				CLANG_WARN_OBJC_IMPLICIT_RETAIN_SELF = YES;
				CLANG_WARN_OBJC_LITERAL_CONVERSION = YES;
				CLANG_WARN_OBJC_ROOT_CLASS = YES_ERROR;
				CLANG_WARN_QUOTED_INCLUDE_IN_FRAMEWORK_HEADER = YES;
				CLANG_WARN_RANGE_LOOP_ANALYSIS = YES;
				CLANG_WARN_STRICT_PROTOTYPES = YES;
				CLANG_WARN_SUSPICIOUS_MOVE = YES;
				CLANG_WARN_UNGUARDED_AVAILABILITY = YES_AGGRESSIVE;
				CLANG_WARN_UNREACHABLE_CODE = YES;
				CLANG_WARN__DUPLICATE_METHOD_MATCH = YES;
				COPY_PHASE_STRIP = NO;
				DEBUG_INFORMATION_FORMAT = dwarf;
				ENABLE_STRICT_OBJC_MSGSEND = YES;
				ENABLE_TESTABILITY = YES;
				GCC_C_LANGUAGE_STANDARD = gnu11;
				GCC_DYNAMIC_NO_PIC = NO;
				GCC_NO_COMMON_BLOCKS = YES;
				GCC_OPTIMIZATION_LEVEL = 0;
				GCC_PREPROCESSOR_DEFINITIONS = (
					"DEBUG=1",
					"$(inherited)",
				);
				GCC_WARN_64_TO_32_BIT_CONVERSION = YES;
				GCC_WARN_ABOUT_RETURN_TYPE = YES_ERROR;
				GCC_WARN_UNDECLARED_SELECTOR = YES;
				GCC_WARN_UNINITIALIZED_AUTOS = YES_AGGRESSIVE;
				GCC_WARN_UNUSED_FUNCTION = YES;
				GCC_WARN_UNUSED_VARIABLE = YES;
				IPHONEOS_DEPLOYMENT_TARGET = 16.2;
				MTL_ENABLE_DEBUG_INFO = INCLUDE_SOURCE;
				MTL_FAST_MATH = YES;
				ONLY_ACTIVE_ARCH = YES;
				SDKROOT = iphoneos;
				SWIFT_ACTIVE_COMPILATION_CONDITIONS = DEBUG;
				SWIFT_OPTIMIZATION_LEVEL = "-Onone";
			};
			name = Debug;
		};
		52289BA429C9C0CD0066EB50 /* Release */ = {
			isa = XCBuildConfiguration;
			buildSettings = {
				ALWAYS_SEARCH_USER_PATHS = NO;
				CLANG_ANALYZER_NONNULL = YES;
				CLANG_ANALYZER_NUMBER_OBJECT_CONVERSION = YES_AGGRESSIVE;
				CLANG_CXX_LANGUAGE_STANDARD = "gnu++20";
				CLANG_ENABLE_MODULES = YES;
				CLANG_ENABLE_OBJC_ARC = YES;
				CLANG_ENABLE_OBJC_WEAK = YES;
				CLANG_WARN_BLOCK_CAPTURE_AUTORELEASING = YES;
				CLANG_WARN_BOOL_CONVERSION = YES;
				CLANG_WARN_COMMA = YES;
				CLANG_WARN_CONSTANT_CONVERSION = YES;
				CLANG_WARN_DEPRECATED_OBJC_IMPLEMENTATIONS = YES;
				CLANG_WARN_DIRECT_OBJC_ISA_USAGE = YES_ERROR;
				CLANG_WARN_DOCUMENTATION_COMMENTS = YES;
				CLANG_WARN_EMPTY_BODY = YES;
				CLANG_WARN_ENUM_CONVERSION = YES;
				CLANG_WARN_INFINITE_RECURSION = YES;
				CLANG_WARN_INT_CONVERSION = YES;
				CLANG_WARN_NON_LITERAL_NULL_CONVERSION = YES;
				CLANG_WARN_OBJC_IMPLICIT_RETAIN_SELF = YES;
				CLANG_WARN_OBJC_LITERAL_CONVERSION = YES;
				CLANG_WARN_OBJC_ROOT_CLASS = YES_ERROR;
				CLANG_WARN_QUOTED_INCLUDE_IN_FRAMEWORK_HEADER = YES;
				CLANG_WARN_RANGE_LOOP_ANALYSIS = YES;
				CLANG_WARN_STRICT_PROTOTYPES = YES;
				CLANG_WARN_SUSPICIOUS_MOVE = YES;
				CLANG_WARN_UNGUARDED_AVAILABILITY = YES_AGGRESSIVE;
				CLANG_WARN_UNREACHABLE_CODE = YES;
				CLANG_WARN__DUPLICATE_METHOD_MATCH = YES;
				COPY_PHASE_STRIP = NO;
				DEBUG_INFORMATION_FORMAT = "dwarf-with-dsym";
				ENABLE_NS_ASSERTIONS = NO;
				ENABLE_STRICT_OBJC_MSGSEND = YES;
				GCC_C_LANGUAGE_STANDARD = gnu11;
				GCC_NO_COMMON_BLOCKS = YES;
				GCC_WARN_64_TO_32_BIT_CONVERSION = YES;
				GCC_WARN_ABOUT_RETURN_TYPE = YES_ERROR;
				GCC_WARN_UNDECLARED_SELECTOR = YES;
				GCC_WARN_UNINITIALIZED_AUTOS = YES_AGGRESSIVE;
				GCC_WARN_UNUSED_FUNCTION = YES;
				GCC_WARN_UNUSED_VARIABLE = YES;
				IPHONEOS_DEPLOYMENT_TARGET = 16.2;
				MTL_ENABLE_DEBUG_INFO = NO;
				MTL_FAST_MATH = YES;
				SDKROOT = iphoneos;
				SWIFT_COMPILATION_MODE = wholemodule;
				SWIFT_OPTIMIZATION_LEVEL = "-O";
				VALIDATE_PRODUCT = YES;
			};
			name = Release;
		};
		52289BA629C9C0CD0066EB50 /* Debug */ = {
			isa = XCBuildConfiguration;
			buildSettings = {
				ASSETCATALOG_COMPILER_APPICON_NAME = AppIcon;
				ASSETCATALOG_COMPILER_GLOBAL_ACCENT_COLOR_NAME = AccentColor;
				CODE_SIGN_STYLE = Automatic;
				CURRENT_PROJECT_VERSION = 1;
				DEVELOPMENT_TEAM = 5ND8Q283RG;
				GENERATE_INFOPLIST_FILE = YES;
				INFOPLIST_FILE = Quizzler/Info.plist;
				INFOPLIST_KEY_UIApplicationSupportsIndirectInputEvents = YES;
				INFOPLIST_KEY_UILaunchStoryboardName = LaunchScreen;
				INFOPLIST_KEY_UIMainStoryboardFile = Main;
				INFOPLIST_KEY_UISupportedInterfaceOrientations_iPad = "UIInterfaceOrientationPortrait UIInterfaceOrientationPortraitUpsideDown UIInterfaceOrientationLandscapeLeft UIInterfaceOrientationLandscapeRight";
				INFOPLIST_KEY_UISupportedInterfaceOrientations_iPhone = "UIInterfaceOrientationPortrait UIInterfaceOrientationLandscapeLeft UIInterfaceOrientationLandscapeRight";
				LD_RUNPATH_SEARCH_PATHS = (
					"$(inherited)",
					"@executable_path/Frameworks",
				);
				MARKETING_VERSION = 1.0;
				PRODUCT_BUNDLE_IDENTIFIER = saritzia.Quizzler;
				PRODUCT_NAME = "$(TARGET_NAME)";
				SWIFT_EMIT_LOC_STRINGS = YES;
				SWIFT_VERSION = 5.0;
				TARGETED_DEVICE_FAMILY = "1,2";
			};
			name = Debug;
		};
		52289BA729C9C0CD0066EB50 /* Release */ = {
			isa = XCBuildConfiguration;
			buildSettings = {
				ASSETCATALOG_COMPILER_APPICON_NAME = AppIcon;
				ASSETCATALOG_COMPILER_GLOBAL_ACCENT_COLOR_NAME = AccentColor;
				CODE_SIGN_STYLE = Automatic;
				CURRENT_PROJECT_VERSION = 1;
				DEVELOPMENT_TEAM = 5ND8Q283RG;
				GENERATE_INFOPLIST_FILE = YES;
				INFOPLIST_FILE = Quizzler/Info.plist;
				INFOPLIST_KEY_UIApplicationSupportsIndirectInputEvents = YES;
				INFOPLIST_KEY_UILaunchStoryboardName = LaunchScreen;
				INFOPLIST_KEY_UIMainStoryboardFile = Main;
				INFOPLIST_KEY_UISupportedInterfaceOrientations_iPad = "UIInterfaceOrientationPortrait UIInterfaceOrientationPortraitUpsideDown UIInterfaceOrientationLandscapeLeft UIInterfaceOrientationLandscapeRight";
				INFOPLIST_KEY_UISupportedInterfaceOrientations_iPhone = "UIInterfaceOrientationPortrait UIInterfaceOrientationLandscapeLeft UIInterfaceOrientationLandscapeRight";
				LD_RUNPATH_SEARCH_PATHS = (
					"$(inherited)",
					"@executable_path/Frameworks",
				);
				MARKETING_VERSION = 1.0;
				PRODUCT_BUNDLE_IDENTIFIER = saritzia.Quizzler;
				PRODUCT_NAME = "$(TARGET_NAME)";
				SWIFT_EMIT_LOC_STRINGS = YES;
				SWIFT_VERSION = 5.0;
				TARGETED_DEVICE_FAMILY = "1,2";
			};
			name = Release;
		};
		52289BA929C9C0CD0066EB50 /* Debug */ = {
			isa = XCBuildConfiguration;
			buildSettings = {
				ALWAYS_EMBED_SWIFT_STANDARD_LIBRARIES = YES;
				BUNDLE_LOADER = "$(TEST_HOST)";
				CODE_SIGN_STYLE = Automatic;
				CURRENT_PROJECT_VERSION = 1;
				DEVELOPMENT_TEAM = 5ND8Q283RG;
				GENERATE_INFOPLIST_FILE = YES;
				IPHONEOS_DEPLOYMENT_TARGET = 16.2;
				MARKETING_VERSION = 1.0;
				PRODUCT_BUNDLE_IDENTIFIER = saritzia.QuizzlerTests;
				PRODUCT_NAME = "$(TARGET_NAME)";
				SWIFT_EMIT_LOC_STRINGS = NO;
				SWIFT_VERSION = 5.0;
				TARGETED_DEVICE_FAMILY = "1,2";
				TEST_HOST = "$(BUILT_PRODUCTS_DIR)/Quizzler.app/$(BUNDLE_EXECUTABLE_FOLDER_PATH)/Quizzler";
			};
			name = Debug;
		};
		52289BAA29C9C0CD0066EB50 /* Release */ = {
			isa = XCBuildConfiguration;
			buildSettings = {
				ALWAYS_EMBED_SWIFT_STANDARD_LIBRARIES = YES;
				BUNDLE_LOADER = "$(TEST_HOST)";
				CODE_SIGN_STYLE = Automatic;
				CURRENT_PROJECT_VERSION = 1;
				DEVELOPMENT_TEAM = 5ND8Q283RG;
				GENERATE_INFOPLIST_FILE = YES;
				IPHONEOS_DEPLOYMENT_TARGET = 16.2;
				MARKETING_VERSION = 1.0;
				PRODUCT_BUNDLE_IDENTIFIER = saritzia.QuizzlerTests;
				PRODUCT_NAME = "$(TARGET_NAME)";
				SWIFT_EMIT_LOC_STRINGS = NO;
				SWIFT_VERSION = 5.0;
				TARGETED_DEVICE_FAMILY = "1,2";
				TEST_HOST = "$(BUILT_PRODUCTS_DIR)/Quizzler.app/$(BUNDLE_EXECUTABLE_FOLDER_PATH)/Quizzler";
			};
			name = Release;
		};
		52289BAC29C9C0CD0066EB50 /* Debug */ = {
			isa = XCBuildConfiguration;
			buildSettings = {
				ALWAYS_EMBED_SWIFT_STANDARD_LIBRARIES = YES;
				CODE_SIGN_STYLE = Automatic;
				CURRENT_PROJECT_VERSION = 1;
				DEVELOPMENT_TEAM = 5ND8Q283RG;
				GENERATE_INFOPLIST_FILE = YES;
				MARKETING_VERSION = 1.0;
				PRODUCT_BUNDLE_IDENTIFIER = saritzia.QuizzlerUITests;
				PRODUCT_NAME = "$(TARGET_NAME)";
				SWIFT_EMIT_LOC_STRINGS = NO;
				SWIFT_VERSION = 5.0;
				TARGETED_DEVICE_FAMILY = "1,2";
				TEST_TARGET_NAME = Quizzler;
			};
			name = Debug;
		};
		52289BAD29C9C0CD0066EB50 /* Release */ = {
			isa = XCBuildConfiguration;
			buildSettings = {
				ALWAYS_EMBED_SWIFT_STANDARD_LIBRARIES = YES;
				CODE_SIGN_STYLE = Automatic;
				CURRENT_PROJECT_VERSION = 1;
				DEVELOPMENT_TEAM = 5ND8Q283RG;
				GENERATE_INFOPLIST_FILE = YES;
				MARKETING_VERSION = 1.0;
				PRODUCT_BUNDLE_IDENTIFIER = saritzia.QuizzlerUITests;
				PRODUCT_NAME = "$(TARGET_NAME)";
				SWIFT_EMIT_LOC_STRINGS = NO;
				SWIFT_VERSION = 5.0;
				TARGETED_DEVICE_FAMILY = "1,2";
				TEST_TARGET_NAME = Quizzler;
			};
			name = Release;
		};
/* End XCBuildConfiguration section */

/* Begin XCConfigurationList section */
		52289B7629C9C0CC0066EB50 /* Build configuration list for PBXProject "Quizzler" */ = {
			isa = XCConfigurationList;
			buildConfigurations = (
				52289BA329C9C0CD0066EB50 /* Debug */,
				52289BA429C9C0CD0066EB50 /* Release */,
			);
			defaultConfigurationIsVisible = 0;
			defaultConfigurationName = Release;
		};
		52289BA529C9C0CD0066EB50 /* Build configuration list for PBXNativeTarget "Quizzler" */ = {
			isa = XCConfigurationList;
			buildConfigurations = (
				52289BA629C9C0CD0066EB50 /* Debug */,
				52289BA729C9C0CD0066EB50 /* Release */,
			);
			defaultConfigurationIsVisible = 0;
			defaultConfigurationName = Release;
		};
		52289BA829C9C0CD0066EB50 /* Build configuration list for PBXNativeTarget "QuizzlerTests" */ = {
			isa = XCConfigurationList;
			buildConfigurations = (
				52289BA929C9C0CD0066EB50 /* Debug */,
				52289BAA29C9C0CD0066EB50 /* Release */,
			);
			defaultConfigurationIsVisible = 0;
			defaultConfigurationName = Release;
		};
		52289BAB29C9C0CD0066EB50 /* Build configuration list for PBXNativeTarget "QuizzlerUITests" */ = {
			isa = XCConfigurationList;
			buildConfigurations = (
				52289BAC29C9C0CD0066EB50 /* Debug */,
				52289BAD29C9C0CD0066EB50 /* Release */,
			);
			defaultConfigurationIsVisible = 0;
			defaultConfigurationName = Release;
		};
/* End XCConfigurationList section */
	};
	rootObject = 52289B7329C9C0CC0066EB50 /* Project object */;
}
